
Microsoft Visual Studio Solution File, Format Version 12.00
# Visual Studio Version 17
VisualStudioVersion = 17.10.35013.160
MinimumVisualStudioVersion = 10.0.40219.1
Project("{9A19103F-16F7-4668-BE54-9A1E7A4F7556}") = "Sprachfeatures", "Sprachfeatures\Sprachfeatures.csproj", "{ACDA9730-C875-4B65-81E1-629D6FD6E5BC}"
EndProject
Project("{9A19103F-16F7-4668-BE54-9A1E7A4F7556}") = "TopLevelStatement", "TopLevelStatement\TopLevelStatement.csproj", "{4B4C2449-56E1-4F7D-AEB0-F2FCB27E0F20}"
EndProject
Project("{2150E333-8FDC-42A3-9474-1A3956D46DE8}") = "M001_Sprachfeatures", "M001_Sprachfeatures", "{0996F0EA-39F0-497A-BBA0-884E9BC101F8}"
EndProject
Project("{FAE04EC0-301F-11D3-BF4B-00C04F79EFBC}") = "LinqSamples", "LinqSamples\LinqSamples.csproj", "{FE4FA2A2-8E2B-42FC-BD1A-EDABBCC09F4D}"
EndProject
Project("{2150E333-8FDC-42A3-9474-1A3956D46DE8}") = "M010_Linq", "M010_Linq", "{A99447D6-DD51-4CA1-AB17-037BBEA796C4}"
EndProject
Project("{2150E333-8FDC-42A3-9474-1A3956D46DE8}") = "M003_DelegatesEvents", "M003_DelegatesEvents", "{BBB2D6B8-5BEB-458C-B963-1161CFD7B28C}"
EndProject
Project("{FAE04EC0-301F-11D3-BF4B-00C04F79EFBC}") = "DelegatesEvents", "DelegatesEvents\DelegatesEvents.csproj", "{D97FD6FF-8D60-43C7-95FA-E6B9961F1066}"
EndProject
Project("{FAE04EC0-301F-11D3-BF4B-00C04F79EFBC}") = "Lab_Delegates", "Lab_Delegates\Lab_Delegates.csproj", "{572462C3-2C0E-4F6E-B46D-7C1BF29B6140}"
EndProject
Global
	GlobalSection(SolutionConfigurationPlatforms) = preSolution
		Debug|Any CPU = Debug|Any CPU
		Release|Any CPU = Release|Any CPU
	EndGlobalSection
	GlobalSection(ProjectConfigurationPlatforms) = postSolution
		{ACDA9730-C875-4B65-81E1-629D6FD6E5BC}.Debug|Any CPU.ActiveCfg = Debug|Any CPU
		{ACDA9730-C875-4B65-81E1-629D6FD6E5BC}.Debug|Any CPU.Build.0 = Debug|Any CPU
		{ACDA9730-C875-4B65-81E1-629D6FD6E5BC}.Release|Any CPU.ActiveCfg = Release|Any CPU
		{ACDA9730-C875-4B65-81E1-629D6FD6E5BC}.Release|Any CPU.Build.0 = Release|Any CPU
		{4B4C2449-56E1-4F7D-AEB0-F2FCB27E0F20}.Debug|Any CPU.ActiveCfg = Debug|Any CPU
		{4B4C2449-56E1-4F7D-AEB0-F2FCB27E0F20}.Debug|Any CPU.Build.0 = Debug|Any CPU
		{4B4C2449-56E1-4F7D-AEB0-F2FCB27E0F20}.Release|Any CPU.ActiveCfg = Release|Any CPU
		{4B4C2449-56E1-4F7D-AEB0-F2FCB27E0F20}.Release|Any CPU.Build.0 = Release|Any CPU
		{FE4FA2A2-8E2B-42FC-BD1A-EDABBCC09F4D}.Debug|Any CPU.ActiveCfg = Debug|Any CPU
		{FE4FA2A2-8E2B-42FC-BD1A-EDABBCC09F4D}.Debug|Any CPU.Build.0 = Debug|Any CPU
		{FE4FA2A2-8E2B-42FC-BD1A-EDABBCC09F4D}.Release|Any CPU.ActiveCfg = Release|Any CPU
		{FE4FA2A2-8E2B-42FC-BD1A-EDABBCC09F4D}.Release|Any CPU.Build.0 = Release|Any CPU
		{D97FD6FF-8D60-43C7-95FA-E6B9961F1066}.Debug|Any CPU.ActiveCfg = Debug|Any CPU
		{D97FD6FF-8D60-43C7-95FA-E6B9961F1066}.Debug|Any CPU.Build.0 = Debug|Any CPU
		{D97FD6FF-8D60-43C7-95FA-E6B9961F1066}.Release|Any CPU.ActiveCfg = Release|Any CPU
		{D97FD6FF-8D60-43C7-95FA-E6B9961F1066}.Release|Any CPU.Build.0 = Release|Any CPU
		{572462C3-2C0E-4F6E-B46D-7C1BF29B6140}.Debug|Any CPU.ActiveCfg = Debug|Any CPU
		{572462C3-2C0E-4F6E-B46D-7C1BF29B6140}.Debug|Any CPU.Build.0 = Debug|Any CPU
		{572462C3-2C0E-4F6E-B46D-7C1BF29B6140}.Release|Any CPU.ActiveCfg = Release|Any CPU
		{572462C3-2C0E-4F6E-B46D-7C1BF29B6140}.Release|Any CPU.Build.0 = Release|Any CPU
	EndGlobalSection
	GlobalSection(SolutionProperties) = preSolution
		HideSolutionNode = FALSE
	EndGlobalSection
	GlobalSection(NestedProjects) = preSolution
		{ACDA9730-C875-4B65-81E1-629D6FD6E5BC} = {0996F0EA-39F0-497A-BBA0-884E9BC101F8}
		{4B4C2449-56E1-4F7D-AEB0-F2FCB27E0F20} = {0996F0EA-39F0-497A-BBA0-884E9BC101F8}
		{FE4FA2A2-8E2B-42FC-BD1A-EDABBCC09F4D} = {A99447D6-DD51-4CA1-AB17-037BBEA796C4}
		{D97FD6FF-8D60-43C7-95FA-E6B9961F1066} = {BBB2D6B8-5BEB-458C-B963-1161CFD7B28C}
		{572462C3-2C0E-4F6E-B46D-7C1BF29B6140} = {BBB2D6B8-5BEB-458C-B963-1161CFD7B28C}
	EndGlobalSection
	GlobalSection(ExtensibilityGlobals) = postSolution
		SolutionGuid = {697E6E9C-5CD4-4230-9DAB-F8B3AA5A1A41}
	EndGlobalSection
EndGlobal
